Microsoft Visual Studio Solution File, Format Version 12.00
# Visual Studio 15
VisualStudioVersion = 15.0.27130.2026
MinimumVisualStudioVersion = 15.0.26124.0
Project("{9A19103F-16F7-4668-BE54-9A1E7A4F7556}") = "WebBase", "WebBase\WebBase.csproj", "{B2F7081D-53E3-44F8-A1E2-74E2A971A425}"
EndProject
Project("{9A19103F-16F7-4668-BE54-9A1E7A4F7556}") = "ApiControllers", "ApiControllers\ApiControllers.csproj", "{77C9323B-4D0C-4C46-8C9B-07FC7693920B}"
EndProject
Project("{9A19103F-16F7-4668-BE54-9A1E7A4F7556}") = "Entitys", "Entitys\Entitys.csproj", "{539C34B0-7BB1-4E0E-ACF4-62C1AFECA67C}"
EndProject
Project("{9A19103F-16F7-4668-BE54-9A1E7A4F7556}") = "ServiceInterface", "ServiceInterface\ServiceInterface.csproj", "{54D9972D-A475-4F0D-AFBB-B48AA74703DA}"
EndProject
Project("{9A19103F-16F7-4668-BE54-9A1E7A4F7556}") = "Service", "Service\Service.csproj", "{E755A3C2-39DE-425F-80B3-97F230860D48}"
EndProject
Project("{9A19103F-16F7-4668-BE54-9A1E7A4F7556}") = "WebExtentions", "WebExtentions\WebExtentions.csproj", "{A210921A-9DA8-4B65-A62C-9501CE3CD130}"
EndProject
Project("{2150E333-8FDC-42A3-9474-1A3956D46DE8}") = "Middlewares", "Middlewares", "{CA7FB9DF-8C3D-4060-A740-73B01F600303}"
EndProject
Project("{9A19103F-16F7-4668-BE54-9A1E7A4F7556}") = "SampleMiddlewares", "Middlewares\SampleMiddlewares\SampleMiddlewares.csproj", "{6B6BD2BB-C1BB-4C07-9BF1-D405B011A297}"
EndProject
Global
	GlobalSection(SolutionConfigurationPlatforms) = preSolution
		Debug|Any CPU = Debug|Any CPU
		Debug|x64 = Debug|x64
		Debug|x86 = Debug|x86
		Release|Any CPU = Release|Any CPU
		Release|x64 = Release|x64
		Release|x86 = Release|x86
	EndGlobalSection
	GlobalSection(ProjectConfigurationPlatforms) = postSolution
		{B2F7081D-53E3-44F8-A1E2-74E2A971A425}.Debug|Any CPU.ActiveCfg = Debug|Any CPU
		{B2F7081D-53E3-44F8-A1E2-74E2A971A425}.Debug|Any CPU.Build.0 = Debug|Any CPU
		{B2F7081D-53E3-44F8-A1E2-74E2A971A425}.Debug|x64.ActiveCfg = Debug|Any CPU
		{B2F7081D-53E3-44F8-A1E2-74E2A971A425}.Debug|x64.Build.0 = Debug|Any CPU
		{B2F7081D-53E3-44F8-A1E2-74E2A971A425}.Debug|x86.ActiveCfg = Debug|Any CPU
		{B2F7081D-53E3-44F8-A1E2-74E2A971A425}.Debug|x86.Build.0 = Debug|Any CPU
		{B2F7081D-53E3-44F8-A1E2-74E2A971A425}.Release|Any CPU.ActiveCfg = Release|Any CPU
		{B2F7081D-53E3-44F8-A1E2-74E2A971A425}.Release|Any CPU.Build.0 = Release|Any CPU
		{B2F7081D-53E3-44F8-A1E2-74E2A971A425}.Release|x64.ActiveCfg = Release|Any CPU
		{B2F7081D-53E3-44F8-A1E2-74E2A971A425}.Release|x64.Build.0 = Release|Any CPU
		{B2F7081D-53E3-44F8-A1E2-74E2A971A425}.Release|x86.ActiveCfg = Release|Any CPU
		{B2F7081D-53E3-44F8-A1E2-74E2A971A425}.Release|x86.Build.0 = Release|Any CPU
		{77C9323B-4D0C-4C46-8C9B-07FC7693920B}.Debug|Any CPU.ActiveCfg = Debug|Any CPU
		{77C9323B-4D0C-4C46-8C9B-07FC7693920B}.Debug|Any CPU.Build.0 = Debug|Any CPU
		{77C9323B-4D0C-4C46-8C9B-07FC7693920B}.Debug|x64.ActiveCfg = Debug|Any CPU
		{77C9323B-4D0C-4C46-8C9B-07FC7693920B}.Debug|x64.Build.0 = Debug|Any CPU
		{77C9323B-4D0C-4C46-8C9B-07FC7693920B}.Debug|x86.ActiveCfg = Debug|Any CPU
		{77C9323B-4D0C-4C46-8C9B-07FC7693920B}.Debug|x86.Build.0 = Debug|Any CPU
		{77C9323B-4D0C-4C46-8C9B-07FC7693920B}.Release|Any CPU.ActiveCfg = Release|Any CPU
		{77C9323B-4D0C-4C46-8C9B-07FC7693920B}.Release|Any CPU.Build.0 = Release|Any CPU
		{77C9323B-4D0C-4C46-8C9B-07FC7693920B}.Release|x64.ActiveCfg = Release|Any CPU
		{77C9323B-4D0C-4C46-8C9B-07FC7693920B}.Release|x64.Build.0 = Release|Any CPU
		{77C9323B-4D0C-4C46-8C9B-07FC7693920B}.Release|x86.ActiveCfg = Release|Any CPU
		{77C9323B-4D0C-4C46-8C9B-07FC7693920B}.Release|x86.Build.0 = Release|Any CPU
		{539C34B0-7BB1-4E0E-ACF4-62C1AFECA67C}.Debug|Any CPU.ActiveCfg = Debug|Any CPU
		{539C34B0-7BB1-4E0E-ACF4-62C1AFECA67C}.Debug|Any CPU.Build.0 = Debug|Any CPU
		{539C34B0-7BB1-4E0E-ACF4-62C1AFECA67C}.Debug|x64.ActiveCfg = Debug|Any CPU
		{539C34B0-7BB1-4E0E-ACF4-62C1AFECA67C}.Debug|x64.Build.0 = Debug|Any CPU
		{539C34B0-7BB1-4E0E-ACF4-62C1AFECA67C}.Debug|x86.ActiveCfg = Debug|Any CPU
		{539C34B0-7BB1-4E0E-ACF4-62C1AFECA67C}.Debug|x86.Build.0 = Debug|Any CPU
		{539C34B0-7BB1-4E0E-ACF4-62C1AFECA67C}.Release|Any CPU.ActiveCfg = Release|Any CPU
		{539C34B0-7BB1-4E0E-ACF4-62C1AFECA67C}.Release|Any CPU.Build.0 = Release|Any CPU
		{539C34B0-7BB1-4E0E-ACF4-62C1AFECA67C}.Release|x64.ActiveCfg = Release|Any CPU
		{539C34B0-7BB1-4E0E-ACF4-62C1AFECA67C}.Release|x64.Build.0 = Release|Any CPU
		{539C34B0-7BB1-4E0E-ACF4-62C1AFECA67C}.Release|x86.ActiveCfg = Release|Any CPU
		{539C34B0-7BB1-4E0E-ACF4-62C1AFECA67C}.Release|x86.Build.0 = Release|Any CPU
		{54D9972D-A475-4F0D-AFBB-B48AA74703DA}.Debug|Any CPU.ActiveCfg = Debug|Any CPU
		{54D9972D-A475-4F0D-AFBB-B48AA74703DA}.Debug|Any CPU.Build.0 = Debug|Any CPU
		{54D9972D-A475-4F0D-AFBB-B48AA74703DA}.Debug|x64.ActiveCfg = Debug|Any CPU
		{54D9972D-A475-4F0D-AFBB-B48AA74703DA}.Debug|x64.Build.0 = Debug|Any CPU
		{54D9972D-A475-4F0D-AFBB-B48AA74703DA}.Debug|x86.ActiveCfg = Debug|Any CPU
		{54D9972D-A475-4F0D-AFBB-B48AA74703DA}.Debug|x86.Build.0 = Debug|Any CPU
		{54D9972D-A475-4F0D-AFBB-B48AA74703DA}.Release|Any CPU.ActiveCfg = Release|Any CPU
		{54D9972D-A475-4F0D-AFBB-B48AA74703DA}.Release|Any CPU.Build.0 = Release|Any CPU
		{54D9972D-A475-4F0D-AFBB-B48AA74703DA}.Release|x64.ActiveCfg = Release|Any CPU
		{54D9972D-A475-4F0D-AFBB-B48AA74703DA}.Release|x64.Build.0 = Release|Any CPU
		{54D9972D-A475-4F0D-AFBB-B48AA74703DA}.Release|x86.ActiveCfg = Release|Any CPU
		{54D9972D-A475-4F0D-AFBB-B48AA74703DA}.Release|x86.Build.0 = Release|Any CPU
		{E755A3C2-39DE-425F-80B3-97F230860D48}.Debug|Any CPU.ActiveCfg = Debug|Any CPU
		{E755A3C2-39DE-425F-80B3-97F230860D48}.Debug|Any CPU.Build.0 = Debug|Any CPU
		{E755A3C2-39DE-425F-80B3-97F230860D48}.Debug|x64.ActiveCfg = Debug|Any CPU
		{E755A3C2-39DE-425F-80B3-97F230860D48}.Debug|x64.Build.0 = Debug|Any CPU
		{E755A3C2-39DE-425F-80B3-97F230860D48}.Debug|x86.ActiveCfg = Debug|Any CPU
		{E755A3C2-39DE-425F-80B3-97F230860D48}.Debug|x86.Build.0 = Debug|Any CPU
		{E755A3C2-39DE-425F-80B3-97F230860D48}.Release|Any CPU.ActiveCfg = Release|Any CPU
		{E755A3C2-39DE-425F-80B3-97F230860D48}.Release|Any CPU.Build.0 = Release|Any CPU
		{E755A3C2-39DE-425F-80B3-97F230860D48}.Release|x64.ActiveCfg = Release|Any CPU
		{E755A3C2-39DE-425F-80B3-97F230860D48}.Release|x64.Build.0 = Release|Any CPU
		{E755A3C2-39DE-425F-80B3-97F230860D48}.Release|x86.ActiveCfg = Release|Any CPU
		{E755A3C2-39DE-425F-80B3-97F230860D48}.Release|x86.Build.0 = Release|Any CPU
		{A210921A-9DA8-4B65-A62C-9501CE3CD130}.Debug|Any CPU.ActiveCfg = Debug|Any CPU
		{A210921A-9DA8-4B65-A62C-9501CE3CD130}.Debug|Any CPU.Build.0 = Debug|Any CPU
		{A210921A-9DA8-4B65-A62C-9501CE3CD130}.Debug|x64.ActiveCfg = Debug|Any CPU
		{A210921A-9DA8-4B65-A62C-9501CE3CD130}.Debug|x64.Build.0 = Debug|Any CPU
		{A210921A-9DA8-4B65-A62C-9501CE3CD130}.Debug|x86.ActiveCfg = Debug|Any CPU
		{A210921A-9DA8-4B65-A62C-9501CE3CD130}.Debug|x86.Build.0 = Debug|Any CPU
		{A210921A-9DA8-4B65-A62C-9501CE3CD130}.Release|Any CPU.ActiveCfg = Release|Any CPU
		{A210921A-9DA8-4B65-A62C-9501CE3CD130}.Release|Any CPU.Build.0 = Release|Any CPU
		{A210921A-9DA8-4B65-A62C-9501CE3CD130}.Release|x64.ActiveCfg = Release|Any CPU
		{A210921A-9DA8-4B65-A62C-9501CE3CD130}.Release|x64.Build.0 = Release|Any CPU
		{A210921A-9DA8-4B65-A62C-9501CE3CD130}.Release|x86.ActiveCfg = Release|Any CPU
		{A210921A-9DA8-4B65-A62C-9501CE3CD130}.Release|x86.Build.0 = Release|Any CPU
		{6B6BD2BB-C1BB-4C07-9BF1-D405B011A297}.Debug|Any CPU.ActiveCfg = Debug|Any CPU
		{6B6BD2BB-C1BB-4C07-9BF1-D405B011A297}.Debug|Any CPU.Build.0 = Debug|Any CPU
		{6B6BD2BB-C1BB-4C07-9BF1-D405B011A297}.Debug|x64.ActiveCfg = Debug|Any CPU
		{6B6BD2BB-C1BB-4C07-9BF1-D405B011A297}.Debug|x64.Build.0 = Debug|Any CPU
		{6B6BD2BB-C1BB-4C07-9BF1-D405B011A297}.Debug|x86.ActiveCfg = Debug|Any CPU
		{6B6BD2BB-C1BB-4C07-9BF1-D405B011A297}.Debug|x86.Build.0 = Debug|Any CPU
		{6B6BD2BB-C1BB-4C07-9BF1-D405B011A297}.Release|Any CPU.ActiveCfg = Release|Any CPU
		{6B6BD2BB-C1BB-4C07-9BF1-D405B011A297}.Release|Any CPU.Build.0 = Release|Any CPU
		{6B6BD2BB-C1BB-4C07-9BF1-D405B011A297}.Release|x64.ActiveCfg = Release|Any CPU
		{6B6BD2BB-C1BB-4C07-9BF1-D405B011A297}.Release|x64.Build.0 = Release|Any CPU
		{6B6BD2BB-C1BB-4C07-9BF1-D405B011A297}.Release|x86.ActiveCfg = Release|Any CPU
		{6B6BD2BB-C1BB-4C07-9BF1-D405B011A297}.Release|x86.Build.0 = Release|Any CPU
	EndGlobalSection
	GlobalSection(SolutionProperties) = preSolution
		HideSolutionNode = FALSE
	EndGlobalSection
	GlobalSection(NestedProjects) = preSolution
		{6B6BD2BB-C1BB-4C07-9BF1-D405B011A297} = {CA7FB9DF-8C3D-4060-A740-73B01F600303}
	EndGlobalSection
	GlobalSection(ExtensibilityGlobals) = postSolution
		SolutionGuid = {DA5C49BC-DF05-46FD-95BC-EE80B43CDE27}
	EndGlobalSection
EndGlobal
